
Microsoft Visual Studio Solution File, Format Version 12.00
Project("{FAE04EC0-301F-11D3-BF4B-00C04F79EFBC}") = "Rupor.Api", "Rupor.Api\Rupor.Api.csproj", "{BC3F76D3-28FE-474F-BB97-9A6846817E6C}"
EndProject
Project("{2150E333-8FDC-42A3-9474-1A3956D46DE8}") = "0.0 - Endpoint", "0.0 - Endpoint", "{DC5B7735-F7C9-4357-BCE1-077519FEACFC}"
EndProject
Project("{2150E333-8FDC-42A3-9474-1A3956D46DE8}") = "2.0 - Data", "2.0 - Data", "{58386739-2795-46DE-B594-0323797E0FF3}"
EndProject
Project("{2150E333-8FDC-42A3-9474-1A3956D46DE8}") = "1.0 - Business", "1.0 - Business", "{6B8C301F-6112-4E2B-ABED-6E7A81C8E569}"
EndProject
Project("{2150E333-8FDC-42A3-9474-1A3956D46DE8}") = "3.0 - Utils", "3.0 - Utils", "{558B50D4-F28E-4FBE-BB96-FAD482F835AE}"
EndProject
Project("{2150E333-8FDC-42A3-9474-1A3956D46DE8}") = "4.0 - Domain", "4.0 - Domain", "{B10B6DE3-C83D-48EC-B050-B5D9503B7091}"
EndProject
Project("{2150E333-8FDC-42A3-9474-1A3956D46DE8}") = "7.0 - Tools", "7.0 - Tools", "{E6C1EE71-A4B0-4ED6-BF08-5FB2D5DAA574}"
EndProject
Project("{2150E333-8FDC-42A3-9474-1A3956D46DE8}") = "8.0 - Artifacts", "8.0 - Artifacts", "{0941D95D-86B8-4C37-AD18-F5A56BA54DEA}"
EndProject
Project("{FAE04EC0-301F-11D3-BF4B-00C04F79EFBC}") = "Rupor.Domain", "Rupor.Domain\Rupor.Domain.csproj", "{DC0A83CF-50AA-46E9-8131-CE8AD1A5FC25}"
EndProject
Project("{FAE04EC0-301F-11D3-BF4B-00C04F79EFBC}") = "Rupor.DataAccess", "Rupor.DataAccess\Rupor.DataAccess.csproj", "{1ECDC390-F30F-432A-8CC2-1E643AA974D5}"
EndProject
Project("{FAE04EC0-301F-11D3-BF4B-00C04F79EFBC}") = "Rupor.DataAccess.RavenDb", "Rupor.DataAccess.RavenDb\Rupor.DataAccess.RavenDb.csproj", "{715E16EF-8CFA-4D46-A299-AA07A77BE070}"
EndProject
Global
	GlobalSection(SolutionConfigurationPlatforms) = preSolution
		Debug|Any CPU = Debug|Any CPU
		Release|Any CPU = Release|Any CPU
	EndGlobalSection
	GlobalSection(ProjectConfigurationPlatforms) = postSolution
		{BC3F76D3-28FE-474F-BB97-9A6846817E6C}.Debug|Any CPU.ActiveCfg = Debug|Any CPU
		{BC3F76D3-28FE-474F-BB97-9A6846817E6C}.Debug|Any CPU.Build.0 = Debug|Any CPU
		{BC3F76D3-28FE-474F-BB97-9A6846817E6C}.Release|Any CPU.ActiveCfg = Release|Any CPU
		{BC3F76D3-28FE-474F-BB97-9A6846817E6C}.Release|Any CPU.Build.0 = Release|Any CPU
		{DC0A83CF-50AA-46E9-8131-CE8AD1A5FC25}.Debug|Any CPU.ActiveCfg = Debug|Any CPU
		{DC0A83CF-50AA-46E9-8131-CE8AD1A5FC25}.Debug|Any CPU.Build.0 = Debug|Any CPU
		{DC0A83CF-50AA-46E9-8131-CE8AD1A5FC25}.Release|Any CPU.ActiveCfg = Release|Any CPU
		{DC0A83CF-50AA-46E9-8131-CE8AD1A5FC25}.Release|Any CPU.Build.0 = Release|Any CPU
		{1ECDC390-F30F-432A-8CC2-1E643AA974D5}.Debug|Any CPU.ActiveCfg = Debug|Any CPU
		{1ECDC390-F30F-432A-8CC2-1E643AA974D5}.Debug|Any CPU.Build.0 = Debug|Any CPU
		{1ECDC390-F30F-432A-8CC2-1E643AA974D5}.Release|Any CPU.ActiveCfg = Release|Any CPU
		{1ECDC390-F30F-432A-8CC2-1E643AA974D5}.Release|Any CPU.Build.0 = Release|Any CPU
		{715E16EF-8CFA-4D46-A299-AA07A77BE070}.Debug|Any CPU.ActiveCfg = Debug|Any CPU
		{715E16EF-8CFA-4D46-A299-AA07A77BE070}.Debug|Any CPU.Build.0 = Debug|Any CPU
		{715E16EF-8CFA-4D46-A299-AA07A77BE070}.Release|Any CPU.ActiveCfg = Release|Any CPU
		{715E16EF-8CFA-4D46-A299-AA07A77BE070}.Release|Any CPU.Build.0 = Release|Any CPU
	EndGlobalSection
	GlobalSection(NestedProjects) = preSolution
		{BC3F76D3-28FE-474F-BB97-9A6846817E6C} = {DC5B7735-F7C9-4357-BCE1-077519FEACFC}
		{DC0A83CF-50AA-46E9-8131-CE8AD1A5FC25} = {B10B6DE3-C83D-48EC-B050-B5D9503B7091}
		{1ECDC390-F30F-432A-8CC2-1E643AA974D5} = {58386739-2795-46DE-B594-0323797E0FF3}
		{715E16EF-8CFA-4D46-A299-AA07A77BE070} = {58386739-2795-46DE-B594-0323797E0FF3}
	EndGlobalSection
EndGlobal
